
Microsoft Visual Studio Solution File, Format Version 12.00
# Visual Studio Version 17
VisualStudioVersion = 17.2.32630.192
MinimumVisualStudioVersion = 10.0.40219.1
Project("{FAE04EC0-301F-11D3-BF4B-00C04F79EFBC}") = "Console Art", "Console Art\Console Art.csproj", "{DCC3AB99-F620-488F-A528-2432846323C4}"
EndProject
Global
	GlobalSection(SolutionConfigurationPlatforms) = preSolution
		Debug|Any CPU = Debug|Any CPU
		Release|Any CPU = Release|Any CPU
	EndGlobalSection
	GlobalSection(ProjectConfigurationPlatforms) = postSolution
		{DCC3AB99-F620-488F-A528-2432846323C4}.Debug|Any CPU.ActiveCfg = Debug|Any CPU
		{DCC3AB99-F620-488F-A528-2432846323C4}.Debug|Any CPU.Build.0 = Debug|Any CPU
		{DCC3AB99-F620-488F-A528-2432846323C4}.Release|Any CPU.ActiveCfg = Release|Any CPU
		{DCC3AB99-F620-488F-A528-2432846323C4}.Release|Any CPU.Build.0 = Release|Any CPU
	EndGlobalSection
	GlobalSection(SolutionProperties) = preSolution
		HideSolutionNode = FALSE
	EndGlobalSection
	GlobalSection(ExtensibilityGlobals) = postSolution
		SolutionGuid = {E32976D3-878B-4170-8039-87A92C576799}
	EndGlobalSection
EndGlobal
